// !$*UTF8*$!
{
	archiveVersion = 1;
	classes = {
	};
	objectVersion = 48;
	objects = {

/* Begin PBXBuildFile section */
		8A6E1DD85828124EDD6CE4BF /* Pods_FirebaseChating.framework in Frameworks */ = {isa = PBXBuildFile; fileRef = A7B2BC4D02F2F7A8CDC4072E /* Pods_FirebaseChating.framework */; };
		922B91B6207237F300FDA273 /* UserChatCell.swift in Sources */ = {isa = PBXBuildFile; fileRef = 922B91B5207237F200FDA273 /* UserChatCell.swift */; };
		922F03FD206E04A700B39B3F /* NewMessagesTableViewController.swift in Sources */ = {isa = PBXBuildFile; fileRef = 922F03FC206E04A700B39B3F /* NewMessagesTableViewController.swift */; };
		922F0400206E0A5200B39B3F /* User.swift in Sources */ = {isa = PBXBuildFile; fileRef = 922F03FF206E0A5200B39B3F /* User.swift */; };
		922F0402206E2B9700B39B3F /* LoginVc+handlers.swift in Sources */ = {isa = PBXBuildFile; fileRef = 922F0401206E2B9600B39B3F /* LoginVc+handlers.swift */; };
		92437086206D64B200D9D035 /* GoogleService-Info.plist in Resources */ = {isa = PBXBuildFile; fileRef = 92437085206D64B200D9D035 /* GoogleService-Info.plist */; };
		924937E5206CE70900CC2B35 /* AppDelegate.swift in Sources */ = {isa = PBXBuildFile; fileRef = 924937E4206CE70900CC2B35 /* AppDelegate.swift */; };
		924937E7206CE70900CC2B35 /* MessagesViewController.swift in Sources */ = {isa = PBXBuildFile; fileRef = 924937E6206CE70900CC2B35 /* MessagesViewController.swift */; };
		924937EA206CE70900CC2B35 /* Main.storyboard in Resources */ = {isa = PBXBuildFile; fileRef = 924937E8206CE70900CC2B35 /* Main.storyboard */; };
		924937EC206CE70900CC2B35 /* Assets.xcassets in Resources */ = {isa = PBXBuildFile; fileRef = 924937EB206CE70900CC2B35 /* Assets.xcassets */; };
		924937EF206CE70900CC2B35 /* LaunchScreen.storyboard in Resources */ = {isa = PBXBuildFile; fileRef = 924937ED206CE70900CC2B35 /* LaunchScreen.storyboard */; };
		924937F9206CF31E00CC2B35 /* LoginVc.swift in Sources */ = {isa = PBXBuildFile; fileRef = 924937F8206CF31E00CC2B35 /* LoginVc.swift */; };
		92654F892070942F00095CCD /* Message.swift in Sources */ = {isa = PBXBuildFile; fileRef = 92654F882070942F00095CCD /* Message.swift */; };
		92654F8C2070B23B00095CCD /* UserTableCelll.swift in Sources */ = {isa = PBXBuildFile; fileRef = 92654F8B2070B23B00095CCD /* UserTableCelll.swift */; };
		926ABF5C206F5CC900B3EFEF /* Extensions.swift in Sources */ = {isa = PBXBuildFile; fileRef = 926ABF5B206F5CC900B3EFEF /* Extensions.swift */; };
		926E8959206FCA3100531459 /* ChatController.swift in Sources */ = {isa = PBXBuildFile; fileRef = 926E8958206FCA3100531459 /* ChatController.swift */; };
/* End PBXBuildFile section */

/* Begin PBXFileReference section */
		8B25A93A5050F8737699986D /* Pods-FirebaseChating.release.xcconfig */ = {isa = PBXFileReference; includeInIndex = 1; lastKnownFileType = text.xcconfig; name = "Pods-FirebaseChating.release.xcconfig"; path = "Pods/Target Support Files/Pods-FirebaseChating/Pods-FirebaseChating.release.xcconfig"; sourceTree = "<group>"; };
		922B91B5207237F200FDA273 /* UserChatCell.swift */ = {isa = PBXFileReference; lastKnownFileType = sourcecode.swift; path = UserChatCell.swift; sourceTree = "<group>"; };
		922F03FC206E04A700B39B3F /* NewMessagesTableViewController.swift */ = {isa = PBXFileReference; lastKnownFileType = sourcecode.swift; path = NewMessagesTableViewController.swift; sourceTree = "<group>"; };
		922F03FF206E0A5200B39B3F /* User.swift */ = {isa = PBXFileReference; lastKnownFileType = sourcecode.swift; path = User.swift; sourceTree = "<group>"; };
		922F0401206E2B9600B39B3F /* LoginVc+handlers.swift */ = {isa = PBXFileReference; lastKnownFileType = sourcecode.swift; path = "LoginVc+handlers.swift"; sourceTree = "<group>"; };
		92437085206D64B200D9D035 /* GoogleService-Info.plist */ = {isa = PBXFileReference; fileEncoding = 4; lastKnownFileType = text.plist.xml; name = "GoogleService-Info.plist"; path = "../../../Downloads/GoogleService-Info.plist"; sourceTree = "<group>"; };
		924937E1206CE70900CC2B35 /* FirebaseChating.app */ = {isa = PBXFileReference; explicitFileType = wrapper.application; includeInIndex = 0; path = FirebaseChating.app; sourceTree = BUILT_PRODUCTS_DIR; };
		924937E4206CE70900CC2B35 /* AppDelegate.swift */ = {isa = PBXFileReference; lastKnownFileType = sourcecode.swift; path = AppDelegate.swift; sourceTree = "<group>"; };
		924937E6206CE70900CC2B35 /* MessagesViewController.swift */ = {isa = PBXFileReference; lastKnownFileType = sourcecode.swift; path = MessagesViewController.swift; sourceTree = "<group>"; };
		924937E9206CE70900CC2B35 /* Base */ = {isa = PBXFileReference; lastKnownFileType = file.storyboard; name = Base; path = Base.lproj/Main.storyboard; sourceTree = "<group>"; };
		924937EB206CE70900CC2B35 /* Assets.xcassets */ = {isa = PBXFileReference; lastKnownFileType = folder.assetcatalog; path = Assets.xcassets; sourceTree = "<group>"; };
		924937EE206CE70900CC2B35 /* Base */ = {isa = PBXFileReference; lastKnownFileType = file.storyboard; name = Base; path = Base.lproj/LaunchScreen.storyboard; sourceTree = "<group>"; };
		924937F0206CE70900CC2B35 /* Info.plist */ = {isa = PBXFileReference; lastKnownFileType = text.plist.xml; path = Info.plist; sourceTree = "<group>"; };
		924937F8206CF31E00CC2B35 /* LoginVc.swift */ = {isa = PBXFileReference; lastKnownFileType = sourcecode.swift; path = LoginVc.swift; sourceTree = "<group>"; };
		92654F882070942F00095CCD /* Message.swift */ = {isa = PBXFileReference; lastKnownFileType = sourcecode.swift; path = Message.swift; sourceTree = "<group>"; };
		92654F8B2070B23B00095CCD /* UserTableCelll.swift */ = {isa = PBXFileReference; lastKnownFileType = sourcecode.swift; path = UserTableCelll.swift; sourceTree = "<group>"; };
		926ABF5B206F5CC900B3EFEF /* Extensions.swift */ = {isa = PBXFileReference; lastKnownFileType = sourcecode.swift; path = Extensions.swift; sourceTree = "<group>"; };
		926E8958206FCA3100531459 /* ChatController.swift */ = {isa = PBXFileReference; lastKnownFileType = sourcecode.swift; path = ChatController.swift; sourceTree = "<group>"; };
		A7B2BC4D02F2F7A8CDC4072E /* Pods_FirebaseChating.framework */ = {isa = PBXFileReference; explicitFileType = wrapper.framework; includeInIndex = 0; path = Pods_FirebaseChating.framework; sourceTree = BUILT_PRODUCTS_DIR; };
		FB09383E3C490E2EE81B509D /* Pods-FirebaseChating.debug.xcconfig */ = {isa = PBXFileReference; includeInIndex = 1; lastKnownFileType = text.xcconfig; name = "Pods-FirebaseChating.debug.xcconfig"; path = "Pods/Target Support Files/Pods-FirebaseChating/Pods-FirebaseChating.debug.xcconfig"; sourceTree = "<group>"; };
/* End PBXFileReference section */

/* Begin PBXFrameworksBuildPhase section */
		924937DE206CE70900CC2B35 /* Frameworks */ = {
			isa = PBXFrameworksBuildPhase;
			buildActionMask = 2147483647;
			files = (
				8A6E1DD85828124EDD6CE4BF /* Pods_FirebaseChating.framework in Frameworks */,
			);
			runOnlyForDeploymentPostprocessing = 0;
		};
/* End PBXFrameworksBuildPhase section */

/* Begin PBXGroup section */
		525263977AC34DA1A14DEEFE /* Frameworks */ = {
			isa = PBXGroup;
			children = (
				A7B2BC4D02F2F7A8CDC4072E /* Pods_FirebaseChating.framework */,
			);
			name = Frameworks;
			sourceTree = "<group>";
		};
		87A0DCBE400B0F7AB7840D4E /* Pods */ = {
			isa = PBXGroup;
			children = (
				FB09383E3C490E2EE81B509D /* Pods-FirebaseChating.debug.xcconfig */,
				8B25A93A5050F8737699986D /* Pods-FirebaseChating.release.xcconfig */,
			);
			name = Pods;
			sourceTree = "<group>";
		};
		922F03FE206E0A2900B39B3F /* Model */ = {
			isa = PBXGroup;
			children = (
				922F03FF206E0A5200B39B3F /* User.swift */,
				92654F882070942F00095CCD /* Message.swift */,
			);
			path = Model;
			sourceTree = "<group>";
		};
		924937D8206CE70800CC2B35 = {
			isa = PBXGroup;
			children = (
				924937E3206CE70900CC2B35 /* FirebaseChating */,
				924937E2206CE70900CC2B35 /* Products */,
				87A0DCBE400B0F7AB7840D4E /* Pods */,
				525263977AC34DA1A14DEEFE /* Frameworks */,
			);
			sourceTree = "<group>";
		};
		924937E2206CE70900CC2B35 /* Products */ = {
			isa = PBXGroup;
			children = (
				924937E1206CE70900CC2B35 /* FirebaseChating.app */,
			);
			name = Products;
			sourceTree = "<group>";
		};
		924937E3206CE70900CC2B35 /* FirebaseChating */ = {
			isa = PBXGroup;
			children = (
				92654F8A2070B23B00095CCD /* View */,
				926ABF5A206F5C8100B3EFEF /* Helpers */,
				922F03FE206E0A2900B39B3F /* Model */,
				924937F7206CF2D500CC2B35 /* Controller */,
				924937E4206CE70900CC2B35 /* AppDelegate.swift */,
				924937E8206CE70900CC2B35 /* Main.storyboard */,
				924937EB206CE70900CC2B35 /* Assets.xcassets */,
				924937ED206CE70900CC2B35 /* LaunchScreen.storyboard */,
				924937F0206CE70900CC2B35 /* Info.plist */,
				92437085206D64B200D9D035 /* GoogleService-Info.plist */,
			);
			path = FirebaseChating;
			sourceTree = "<group>";
		};
		924937F7206CF2D500CC2B35 /* Controller */ = {
			isa = PBXGroup;
			children = (
				924937E6206CE70900CC2B35 /* MessagesViewController.swift */,
				922F03FC206E04A700B39B3F /* NewMessagesTableViewController.swift */,
				924937F8206CF31E00CC2B35 /* LoginVc.swift */,
				922F0401206E2B9600B39B3F /* LoginVc+handlers.swift */,
				926E8958206FCA3100531459 /* ChatController.swift */,
			);
			path = Controller;
			sourceTree = "<group>";
		};
		92654F8A2070B23B00095CCD /* View */ = {
			isa = PBXGroup;
			children = (
				92654F8B2070B23B00095CCD /* UserTableCelll.swift */,
				922B91B5207237F200FDA273 /* UserChatCell.swift */,
			);
			path = View;
			sourceTree = "<group>";
		};
		926ABF5A206F5C8100B3EFEF /* Helpers */ = {
			isa = PBXGroup;
			children = (
				926ABF5B206F5CC900B3EFEF /* Extensions.swift */,
			);
			path = Helpers;
			sourceTree = "<group>";
		};
/* End PBXGroup section */

/* Begin PBXNativeTarget section */
		924937E0206CE70900CC2B35 /* FirebaseChating */ = {
			isa = PBXNativeTarget;
			buildConfigurationList = 924937F3206CE70900CC2B35 /* Build configuration list for PBXNativeTarget "FirebaseChating" */;
			buildPhases = (
				2E21002E71FCA39BD36957E0 /* [CP] Check Pods Manifest.lock */,
				924937DD206CE70900CC2B35 /* Sources */,
				924937DE206CE70900CC2B35 /* Frameworks */,
				924937DF206CE70900CC2B35 /* Resources */,
				42C9CA36866B201D2796BCC9 /* [CP] Embed Pods Frameworks */,
				37612DCDBC5B57862E47F578 /* [CP] Copy Pods Resources */,
			);
			buildRules = (
			);
			dependencies = (
			);
			name = FirebaseChating;
			productName = FirebaseChating;
			productReference = 924937E1206CE70900CC2B35 /* FirebaseChating.app */;
			productType = "com.apple.product-type.application";
		};
/* End PBXNativeTarget section */

/* Begin PBXProject section */
		924937D9206CE70800CC2B35 /* Project object */ = {
			isa = PBXProject;
			attributes = {
				LastSwiftUpdateCheck = 0920;
				LastUpgradeCheck = 0920;
				ORGANIZATIONNAME = sanjeevkumar;
				TargetAttributes = {
					924937E0206CE70900CC2B35 = {
						CreatedOnToolsVersion = 9.2;
						ProvisioningStyle = Automatic;
					};
				};
			};
			buildConfigurationList = 924937DC206CE70800CC2B35 /* Build configuration list for PBXProject "FirebaseChating" */;
			compatibilityVersion = "Xcode 8.0";
			developmentRegion = en;
			hasScannedForEncodings = 0;
			knownRegions = (
				en,
				Base,
			);
			mainGroup = 924937D8206CE70800CC2B35;
			productRefGroup = 924937E2206CE70900CC2B35 /* Products */;
			projectDirPath = "";
			projectRoot = "";
			targets = (
				924937E0206CE70900CC2B35 /* FirebaseChating */,
			);
		};
/* End PBXProject section */

/* Begin PBXResourcesBuildPhase section */
		924937DF206CE70900CC2B35 /* Resources */ = {
			isa = PBXResourcesBuildPhase;
			buildActionMask = 2147483647;
			files = (
				924937EF206CE70900CC2B35 /* LaunchScreen.storyboard in Resources */,
				92437086206D64B200D9D035 /* GoogleService-Info.plist in Resources */,
				924937EC206CE70900CC2B35 /* Assets.xcassets in Resources */,
				924937EA206CE70900CC2B35 /* Main.storyboard in Resources */,
			);
			runOnlyForDeploymentPostprocessing = 0;
		};
/* End PBXResourcesBuildPhase section */

/* Begin PBXShellScriptBuildPhase section */
		2E21002E71FCA39BD36957E0 /* [CP] Check Pods Manifest.lock */ = {
			isa = PBXShellScriptBuildPhase;
			buildActionMask = 2147483647;
			files = (
			);
			inputPaths = (
				"${PODS_PODFILE_DIR_PATH}/Podfile.lock",
				"${PODS_ROOT}/Manifest.lock",
			);
			name = "[CP] Check Pods Manifest.lock";
			outputPaths = (
				"$(DERIVED_FILE_DIR)/Pods-FirebaseChating-checkManifestLockResult.txt",
			);
			runOnlyForDeploymentPostprocessing = 0;
			shellPath = /bin/sh;
			shellScript = "diff \"${PODS_PODFILE_DIR_PATH}/Podfile.lock\" \"${PODS_ROOT}/Manifest.lock\" > /dev/null\nif [ $? != 0 ] ; then\n    # print error to STDERR\n    echo \"error: The sandbox is not in sync with the Podfile.lock. Run 'pod install' or update your CocoaPods installation.\" >&2\n    exit 1\nfi\n# This output is used by Xcode 'outputs' to avoid re-running this script phase.\necho \"SUCCESS\" > \"${SCRIPT_OUTPUT_FILE_0}\"\n";
			showEnvVarsInLog = 0;
		};
		37612DCDBC5B57862E47F578 /* [CP] Copy Pods Resources */ = {
			isa = PBXShellScriptBuildPhase;
			buildActionMask = 2147483647;
			files = (
			);
			inputPaths = (
			);
			name = "[CP] Copy Pods Resources";
			outputPaths = (
			);
			runOnlyForDeploymentPostprocessing = 0;
			shellPath = /bin/sh;
			shellScript = "\"${SRCROOT}/Pods/Target Support Files/Pods-FirebaseChating/Pods-FirebaseChating-resources.sh\"\n";
			showEnvVarsInLog = 0;
		};
		42C9CA36866B201D2796BCC9 /* [CP] Embed Pods Frameworks */ = {
			isa = PBXShellScriptBuildPhase;
			buildActionMask = 2147483647;
			files = (
			);
			inputPaths = (
				"${SRCROOT}/Pods/Target Support Files/Pods-FirebaseChating/Pods-FirebaseChating-frameworks.sh",
				"${BUILT_PRODUCTS_DIR}/GTMSessionFetcher/GTMSessionFetcher.framework",
				"${BUILT_PRODUCTS_DIR}/GoogleToolboxForMac/GoogleToolboxForMac.framework",
				"${BUILT_PRODUCTS_DIR}/leveldb-library/leveldb.framework",
				"${BUILT_PRODUCTS_DIR}/nanopb/nanopb.framework",
			);
			name = "[CP] Embed Pods Frameworks";
			outputPaths = (
				"${TARGET_BUILD_DIR}/${FRAMEWORKS_FOLDER_PATH}/GTMSessionFetcher.framework",
				"${TARGET_BUILD_DIR}/${FRAMEWORKS_FOLDER_PATH}/GoogleToolboxForMac.framework",
				"${TARGET_BUILD_DIR}/${FRAMEWORKS_FOLDER_PATH}/leveldb.framework",
				"${TARGET_BUILD_DIR}/${FRAMEWORKS_FOLDER_PATH}/nanopb.framework",
			);
			runOnlyForDeploymentPostprocessing = 0;
			shellPath = /bin/sh;
			shellScript = "\"${SRCROOT}/Pods/Target Support Files/Pods-FirebaseChating/Pods-FirebaseChating-frameworks.sh\"\n";
			showEnvVarsInLog = 0;
		};
/* End PBXShellScriptBuildPhase section */

/* Begin PBXSourcesBuildPhase section */
		924937DD206CE70900CC2B35 /* Sources */ = {
			isa = PBXSourcesBuildPhase;
			buildActionMask = 2147483647;
			files = (
				922F03FD206E04A700B39B3F /* NewMessagesTableViewController.swift in Sources */,
				924937E7206CE70900CC2B35 /* MessagesViewController.swift in Sources */,
				924937E5206CE70900CC2B35 /* AppDelegate.swift in Sources */,
				92654F892070942F00095CCD /* Message.swift in Sources */,
				926E8959206FCA3100531459 /* ChatController.swift in Sources */,
				922F0400206E0A5200B39B3F /* User.swift in Sources */,
				922B91B6207237F300FDA273 /* UserChatCell.swift in Sources */,
				924937F9206CF31E00CC2B35 /* LoginVc.swift in Sources */,
				922F0402206E2B9700B39B3F /* LoginVc+handlers.swift in Sources */,
				92654F8C2070B23B00095CCD /* UserTableCelll.swift in Sources */,
				926ABF5C206F5CC900B3EFEF /* Extensions.swift in Sources */,
			);
			runOnlyForDeploymentPostprocessing = 0;
		};
/* End PBXSourcesBuildPhase section */

/* Begin PBXVariantGroup section */
		924937E8206CE70900CC2B35 /* Main.storyboard */ = {
			isa = PBXVariantGroup;
			children = (
				924937E9206CE70900CC2B35 /* Base */,
			);
			name = Main.storyboard;
			sourceTree = "<group>";
		};
		924937ED206CE70900CC2B35 /* LaunchScreen.storyboard */ = {
			isa = PBXVariantGroup;
			children = (
				924937EE206CE70900CC2B35 /* Base */,
			);
			name = LaunchScreen.storyboard;
			sourceTree = "<group>";
		};
/* End PBXVariantGroup section */

/* Begin XCBuildConfiguration section */
		924937F1206CE70900CC2B35 /* Debug */ = {
			isa = XCBuildConfiguration;
			buildSettings = {
				ALWAYS_SEARCH_USER_PATHS = NO;
				CLANG_ANALYZER_NONNULL = YES;
				CLANG_ANALYZER_NUMBER_OBJECT_CONVERSION = YES_AGGRESSIVE;
				CLANG_CXX_LANGUAGE_STANDARD = "gnu++14";
				CLANG_CXX_LIBRARY = "libc++";
				CLANG_ENABLE_MODULES = YES;
				CLANG_ENABLE_OBJC_ARC = YES;
				CLANG_WARN_BLOCK_CAPTURE_AUTORELEASING = YES;
				CLANG_WARN_BOOL_CONVERSION = YES;
				CLANG_WARN_COMMA = YES;
				CLANG_WARN_CONSTANT_CONVERSION = YES;
				CLANG_WARN_DIRECT_OBJC_ISA_USAGE = YES_ERROR;
				CLANG_WARN_DOCUMENTATION_COMMENTS = YES;
				CLANG_WARN_EMPTY_BODY = YES;
				CLANG_WARN_ENUM_CONVERSION = YES;
				CLANG_WARN_INFINITE_RECURSION = YES;
				CLANG_WARN_INT_CONVERSION = YES;
				CLANG_WARN_NON_LITERAL_NULL_CONVERSION = YES;
				CLANG_WARN_OBJC_LITERAL_CONVERSION = YES;
				CLANG_WARN_OBJC_ROOT_CLASS = YES_ERROR;
				CLANG_WARN_RANGE_LOOP_ANALYSIS = YES;
				CLANG_WARN_STRICT_PROTOTYPES = YES;
				CLANG_WARN_SUSPICIOUS_MOVE = YES;
				CLANG_WARN_UNGUARDED_AVAILABILITY = YES_AGGRESSIVE;
				CLANG_WARN_UNREACHABLE_CODE = YES;
				CLANG_WARN__DUPLICATE_METHOD_MATCH = YES;
				CODE_SIGN_IDENTITY = "iPhone Developer";
				COPY_PHASE_STRIP = NO;
				DEBUG_INFORMATION_FORMAT = dwarf;
				ENABLE_STRICT_OBJC_MSGSEND = YES;
				ENABLE_TESTABILITY = YES;
				GCC_C_LANGUAGE_STANDARD = gnu11;
				GCC_DYNAMIC_NO_PIC = NO;
				GCC_NO_COMMON_BLOCKS = YES;
				GCC_OPTIMIZATION_LEVEL = 0;
				GCC_PREPROCESSOR_DEFINITIONS = (
					"DEBUG=1",
					"$(inherited)",
				);
				GCC_WARN_64_TO_32_BIT_CONVERSION = YES;
				GCC_WARN_ABOUT_RETURN_TYPE = YES_ERROR;
				GCC_WARN_UNDECLARED_SELECTOR = YES;
				GCC_WARN_UNINITIALIZED_AUTOS = YES_AGGRESSIVE;
				GCC_WARN_UNUSED_FUNCTION = YES;
				GCC_WARN_UNUSED_VARIABLE = YES;
				IPHONEOS_DEPLOYMENT_TARGET = 11.2;
				MTL_ENABLE_DEBUG_INFO = YES;
				ONLY_ACTIVE_ARCH = YES;
				SDKROOT = iphoneos;
				SWIFT_ACTIVE_COMPILATION_CONDITIONS = DEBUG;
				SWIFT_OPTIMIZATION_LEVEL = "-Onone";
			};
			name = Debug;
		};
		924937F2206CE70900CC2B35 /* Release */ = {
			isa = XCBuildConfiguration;
			buildSettings = {
				ALWAYS_SEARCH_USER_PATHS = NO;
				CLANG_ANALYZER_NONNULL = YES;
				CLANG_ANALYZER_NUMBER_OBJECT_CONVERSION = YES_AGGRESSIVE;
				CLANG_CXX_LANGUAGE_STANDARD = "gnu++14";
				CLANG_CXX_LIBRARY = "libc++";
				CLANG_ENABLE_MODULES = YES;
				CLANG_ENABLE_OBJC_ARC = YES;
				CLANG_WARN_BLOCK_CAPTURE_AUTORELEASING = YES;
				CLANG_WARN_BOOL_CONVERSION = YES;
				CLANG_WARN_COMMA = YES;
				CLANG_WARN_CONSTANT_CONVERSION = YES;
				CLANG_WARN_DIRECT_OBJC_ISA_USAGE = YES_ERROR;
				CLANG_WARN_DOCUMENTATION_COMMENTS = YES;
				CLANG_WARN_EMPTY_BODY = YES;
				CLANG_WARN_ENUM_CONVERSION = YES;
				CLANG_WARN_INFINITE_RECURSION = YES;
				CLANG_WARN_INT_CONVERSION = YES;
				CLANG_WARN_NON_LITERAL_NULL_CONVERSION = YES;
				CLANG_WARN_OBJC_LITERAL_CONVERSION = YES;
				CLANG_WARN_OBJC_ROOT_CLASS = YES_ERROR;
				CLANG_WARN_RANGE_LOOP_ANALYSIS = YES;
				CLANG_WARN_STRICT_PROTOTYPES = YES;
				CLANG_WARN_SUSPICIOUS_MOVE = YES;
				CLANG_WARN_UNGUARDED_AVAILABILITY = YES_AGGRESSIVE;
				CLANG_WARN_UNREACHABLE_CODE = YES;
				CLANG_WARN__DUPLICATE_METHOD_MATCH = YES;
				CODE_SIGN_IDENTITY = "iPhone Developer";
				COPY_PHASE_STRIP = NO;
				DEBUG_INFORMATION_FORMAT = "dwarf-with-dsym";
				ENABLE_NS_ASSERTIONS = NO;
				ENABLE_STRICT_OBJC_MSGSEND = YES;
				GCC_C_LANGUAGE_STANDARD = gnu11;
				GCC_NO_COMMON_BLOCKS = YES;
				GCC_WARN_64_TO_32_BIT_CONVERSION = YES;
				GCC_WARN_ABOUT_RETURN_TYPE = YES_ERROR;
				GCC_WARN_UNDECLARED_SELECTOR = YES;
				GCC_WARN_UNINITIALIZED_AUTOS = YES_AGGRESSIVE;
				GCC_WARN_UNUSED_FUNCTION = YES;
				GCC_WARN_UNUSED_VARIABLE = YES;
				IPHONEOS_DEPLOYMENT_TARGET = 11.2;
				MTL_ENABLE_DEBUG_INFO = NO;
				SDKROOT = iphoneos;
				SWIFT_OPTIMIZATION_LEVEL = "-Owholemodule";
				VALIDATE_PRODUCT = YES;
			};
			name = Release;
		};
		924937F4206CE70900CC2B35 /* Debug */ = {
			isa = XCBuildConfiguration;
			baseConfigurationReference = FB09383E3C490E2EE81B509D /* Pods-FirebaseChating.debug.xcconfig */;
			buildSettings = {
				ASSETCATALOG_COMPILER_APPICON_NAME = AppIcon;
				CODE_SIGN_STYLE = Automatic;
				INFOPLIST_FILE = FirebaseChating/Info.plist;
				LD_RUNPATH_SEARCH_PATHS = "$(inherited) @executable_path/Frameworks";
				PRODUCT_BUNDLE_IDENTIFIER = com.san.FirebaseChating;
				PRODUCT_NAME = "$(TARGET_NAME)";
				SWIFT_VERSION = 4.0;
				TARGETED_DEVICE_FAMILY = "1,2";
			};
			name = Debug;
		};
		924937F5206CE70900CC2B35 /* Release */ = {
			isa = XCBuildConfiguration;
			baseConfigurationReference = 8B25A93A5050F8737699986D /* Pods-FirebaseChating.release.xcconfig */;
			buildSettings = {
				ASSETCATALOG_COMPILER_APPICON_NAME = AppIcon;
				CODE_SIGN_STYLE = Automatic;
				INFOPLIST_FILE = FirebaseChating/Info.plist;
				LD_RUNPATH_SEARCH_PATHS = "$(inherited) @executable_path/Frameworks";
				PRODUCT_BUNDLE_IDENTIFIER = com.san.FirebaseChating;
				PRODUCT_NAME = "$(TARGET_NAME)";
				SWIFT_VERSION = 4.0;
				TARGETED_DEVICE_FAMILY = "1,2";
			};
			name = Release;
		};
/* End XCBuildConfiguration section */

/* Begin XCConfigurationList section */
		924937DC206CE70800CC2B35 /* Build configuration list for PBXProject "FirebaseChating" */ = {
			isa = XCConfigurationList;
			buildConfigurations = (
				924937F1206CE70900CC2B35 /* Debug */,
				924937F2206CE70900CC2B35 /* Release */,
			);
			defaultConfigurationIsVisible = 0;
			defaultConfigurationName = Release;
		};
		924937F3206CE70900CC2B35 /* Build configuration list for PBXNativeTarget "FirebaseChating" */ = {
			isa = XCConfigurationList;
			buildConfigurations = (
				924937F4206CE70900CC2B35 /* Debug */,
				924937F5206CE70900CC2B35 /* Release */,
			);
			defaultConfigurationIsVisible = 0;
			defaultConfigurationName = Release;
		};
/* End XCConfigurationList section */
	};
	rootObject = 924937D9206CE70800CC2B35 /* Project object */;
}
